
Microsoft Visual Studio Solution File, Format Version 12.00
# Visual Studio Version 16
VisualStudioVersion = 16.0.28531.58
MinimumVisualStudioVersion = 10.0.40219.1
Project("{FAE04EC0-301F-11D3-BF4B-00C04F79EFBC}") = "ZvonoYun", "ZvonoYun.csproj", "{B257D317-CC5B-40B2-8113-24A8CD216DC7}"
EndProject
Global
	GlobalSection(SolutionConfigurationPlatforms) = preSolution
		Debug|Any CPU = Debug|Any CPU
		Release|Any CPU = Release|Any CPU
	EndGlobalSection
	GlobalSection(ProjectConfigurationPlatforms) = postSolution
		{B257D317-CC5B-40B2-8113-24A8CD216DC7}.Debug|Any CPU.ActiveCfg = Debug|Any CPU
		{B257D317-CC5B-40B2-8113-24A8CD216DC7}.Debug|Any CPU.Build.0 = Debug|Any CPU
		{B257D317-CC5B-40B2-8113-24A8CD216DC7}.Release|Any CPU.ActiveCfg = Release|Any CPU
		{B257D317-CC5B-40B2-8113-24A8CD216DC7}.Release|Any CPU.Build.0 = Release|Any CPU
	EndGlobalSection
	GlobalSection(SolutionProperties) = preSolution
		HideSolutionNode = FALSE
	EndGlobalSection
	GlobalSection(ExtensibilityGlobals) = postSolution
		SolutionGuid = {B9704F4B-97D0-4AC3-A00E-12017D045BFB}
	EndGlobalSection
EndGlobal
